// !$*UTF8*$!
{
	archiveVersion = 1;
	classes = {
	};
	objectVersion = 77;
	objects = {

/* Begin PBXBuildFile section */
		5104FC4E2F1A4B5D003F8273 /* StatusBarController.swift in Sources */ = {isa = PBXBuildFile; fileRef = 5104FC4B2F1A4B5D003F8273 /* StatusBarController.swift */; };
		5104FC4F2F1A4B5D003F8273 /* OverlayWindowController.swift in Sources */ = {isa = PBXBuildFile; fileRef = 5104FC492F1A4B5D003F8273 /* OverlayWindowController.swift */; };
		510BABFB2F222146001CA156 /* LyricsService.swift in Sources */ = {isa = PBXBuildFile; fileRef = 510BABFA2F222146001CA156 /* LyricsService.swift */; };
		511D73212F18D90300163A46 /* ClipboardSettingsWindow.swift in Sources */ = {isa = PBXBuildFile; fileRef = 511D73092F18D90300163A46 /* ClipboardSettingsWindow.swift */; };
		511D73242F18D90300163A46 /* NSItemProvider+Extensions.swift in Sources */ = {isa = PBXBuildFile; fileRef = 511D72F42F18D90300163A46 /* NSItemProvider+Extensions.swift */; };
		511D73282F18D90300163A46 /* NSScreen+Extensions.swift in Sources */ = {isa = PBXBuildFile; fileRef = 511D72F62F18D90300163A46 /* NSScreen+Extensions.swift */; };
		511D73292F18D90300163A46 /* Color+Extensions.swift in Sources */ = {isa = PBXBuildFile; fileRef = 511D72F12F18D90300163A46 /* Color+Extensions.swift */; };
		511D732A2F18D90300163A46 /* ShelfStateViewModel+Extensions.swift in Sources */ = {isa = PBXBuildFile; fileRef = 511D73152F18D90300163A46 /* ShelfStateViewModel+Extensions.swift */; };
		511D732C2F18D90300163A46 /* EventManager.swift in Sources */ = {isa = PBXBuildFile; fileRef = 511D72E62F18D90300163A46 /* EventManager.swift */; };
		511D73332F18D90300163A46 /* BuildConfig.swift in Sources */ = {isa = PBXBuildFile; fileRef = 511D72E82F18D90300163A46 /* BuildConfig.swift */; };
		511D73362F18D90300163A46 /* CalendarManager.swift in Sources */ = {isa = PBXBuildFile; fileRef = 511D72E52F18D90300163A46 /* CalendarManager.swift */; };
		511D73392F18D90300163A46 /* MusicManager.swift in Sources */ = {isa = PBXBuildFile; fileRef = 511D73012F18D90300163A46 /* MusicManager.swift */; };
		511D733A2F18D90300163A46 /* MediaControllerProtocol.swift in Sources */ = {isa = PBXBuildFile; fileRef = 511D73072F18D90300163A46 /* MediaControllerProtocol.swift */; };
		511D733F2F18D90300163A46 /* ShelfStateViewModel.swift in Sources */ = {isa = PBXBuildFile; fileRef = 511D73142F18D90300163A46 /* ShelfStateViewModel.swift */; };
		511D73402F18D90300163A46 /* FeatureFlags.swift in Sources */ = {isa = PBXBuildFile; fileRef = 511D72E92F18D90300163A46 /* FeatureFlags.swift */; };
		511D73422F18D90300163A46 /* NSImage+Extensions.swift in Sources */ = {isa = PBXBuildFile; fileRef = 511D72F32F18D90300163A46 /* NSImage+Extensions.swift */; };
		511D73482F18D90300163A46 /* SettingsView.swift in Sources */ = {isa = PBXBuildFile; fileRef = 511D730A2F18D90300163A46 /* SettingsView.swift */; };
		511D735F2F18D92700163A46 /* AnalyticsManager.swift in Sources */ = {isa = PBXBuildFile; fileRef = 511D734C2F18D92700163A46 /* AnalyticsManager.swift */; };
		511D736D2F18D92700163A46 /* SystemPreferencesManager.swift in Sources */ = {isa = PBXBuildFile; fileRef = 511D735C2F18D92700163A46 /* SystemPreferencesManager.swift */; };
		511D73AB2F18D94200163A46 /* CalendarView.swift in Sources */ = {isa = PBXBuildFile; fileRef = 511D73782F18D94200163A46 /* CalendarView.swift */; };
		511D73AD2F18D94200163A46 /* AboutView.swift in Sources */ = {isa = PBXBuildFile; fileRef = 511D73992F18D94200163A46 /* AboutView.swift */; };
		511D73B82F18D94200163A46 /* ShelfView.swift in Sources */ = {isa = PBXBuildFile; fileRef = 511D73A52F18D94200163A46 /* ShelfView.swift */; };
		511D73CA2F18D94200163A46 /* AdvancedSettingsView.swift in Sources */ = {isa = PBXBuildFile; fileRef = 511D739A2F18D94200163A46 /* AdvancedSettingsView.swift */; };
		511D73CE2F18D94200163A46 /* MarqueeText.swift in Sources */ = {isa = PBXBuildFile; fileRef = 511D73812F18D94200163A46 /* MarqueeText.swift */; };
		511D73CF2F18D94200163A46 /* ExpandedMusicView.swift in Sources */ = {isa = PBXBuildFile; fileRef = 511D73902F18D94200163A46 /* ExpandedMusicView.swift */; };
		511D73D02F18D94200163A46 /* GeneralSettingsView.swift in Sources */ = {isa = PBXBuildFile; fileRef = 511D739B2F18D94200163A46 /* GeneralSettingsView.swift */; };
		511D73D42F18D94200163A46 /* AudioSpectrumView.swift in Sources */ = {isa = PBXBuildFile; fileRef = 511D73702F18D94200163A46 /* AudioSpectrumView.swift */; };
		511D73F42F18D98400163A46 /* AppleScriptHelper.swift in Sources */ = {isa = PBXBuildFile; fileRef = 511D73DB2F18D98400163A46 /* AppleScriptHelper.swift */; };
		511D73F52F18D98400163A46 /* CrashReporter.swift in Sources */ = {isa = PBXBuildFile; fileRef = 511D73E02F18D98400163A46 /* CrashReporter.swift */; };
		511D73FD2F18D98400163A46 /* Defaults+Keys.swift in Sources */ = {isa = PBXBuildFile; fileRef = 511D73E22F18D98400163A46 /* Defaults+Keys.swift */; };
		511D73FE2F18D98400163A46 /* VisualEffectsCompositor.swift in Sources */ = {isa = PBXBuildFile; fileRef = 511D73F02F18D98400163A46 /* VisualEffectsCompositor.swift */; };
		511D73FF2F18D98400163A46 /* AppInfo.swift in Sources */ = {isa = PBXBuildFile; fileRef = 511D73DA2F18D98400163A46 /* AppInfo.swift */; };
		511D74002F18D98400163A46 /* AccessibilityHelper.swift in Sources */ = {isa = PBXBuildFile; fileRef = 511D73D62F18D98400163A46 /* AccessibilityHelper.swift */; };
		511D74022F18D98400163A46 /* MemoryManager.swift in Sources */ = {isa = PBXBuildFile; fileRef = 511D73E72F18D98400163A46 /* MemoryManager.swift */; };
		511D74162F18D9FD00163A46 /* ShelfPersistenceService.swift in Sources */ = {isa = PBXBuildFile; fileRef = 511D74122F18D9FD00163A46 /* ShelfPersistenceService.swift */; };
		511D74182F18D9FD00163A46 /* TemporaryFileStorageService.swift in Sources */ = {isa = PBXBuildFile; fileRef = 511D74132F18D9FD00163A46 /* TemporaryFileStorageService.swift */; };
		511D74192F18D9FD00163A46 /* ThumbnailGenerationService.swift in Sources */ = {isa = PBXBuildFile; fileRef = 511D74142F18D9FD00163A46 /* ThumbnailGenerationService.swift */; };
		511D741B2F18D9FD00163A46 /* QuickLookService.swift in Sources */ = {isa = PBXBuildFile; fileRef = 511D740D2F18D9FD00163A46 /* QuickLookService.swift */; };
		511D742A2F18DA0B00163A46 /* MusicControlButton.swift in Sources */ = {isa = PBXBuildFile; fileRef = 511D74232F18DA0B00163A46 /* MusicControlButton.swift */; };
		511D742B2F18DA0B00163A46 /* ShelfItem+Extensions.swift in Sources */ = {isa = PBXBuildFile; fileRef = 511D74292F18DA0B00163A46 /* ShelfItem+Extensions.swift */; };
		511D742E2F18DA0B00163A46 /* PlaybackState.swift in Sources */ = {isa = PBXBuildFile; fileRef = 511D74272F18DA0B00163A46 /* PlaybackState.swift */; };
		511D74312F18DA0B00163A46 /* ShelfItem.swift in Sources */ = {isa = PBXBuildFile; fileRef = 511D74282F18DA0B00163A46 /* ShelfItem.swift */; };
		5163623F2F2871320014744B /* DragDetectorManager.swift in Sources */ = {isa = PBXBuildFile; fileRef = 5163623E2F2871320014744B /* DragDetectorManager.swift */; };
		519CDAFD2F124DD70011DA8A /* IslandInteractionState.swift in Sources */ = {isa = PBXBuildFile; fileRef = 519CDAFC2F124DD70011DA8A /* IslandInteractionState.swift */; };
		519FCFBD2F1F683D00E6EE33 /* AppDelegate.swift in Sources */ = {isa = PBXBuildFile; fileRef = 51E49FBE2F0B8F8E002AD746 /* AppDelegate.swift */; };
		51D024632F16046D00B1FF0F /* SearchEngine.swift in Sources */ = {isa = PBXBuildFile; fileRef = 51D024602F16046D00B1FF0F /* SearchEngine.swift */; };
		51D024662F16046D00B1FF0F /* ClipboardHubStore.swift in Sources */ = {isa = PBXBuildFile; fileRef = 51D0245A2F16046D00B1FF0F /* ClipboardHubStore.swift */; };
		51D024742F16049400B1FF0F /* ClipboardCardView.swift in Sources */ = {isa = PBXBuildFile; fileRef = 51D0246A2F16049400B1FF0F /* ClipboardCardView.swift */; };
		51D024752F16049400B1FF0F /* ClipboardHubView.swift in Sources */ = {isa = PBXBuildFile; fileRef = 51D0246C2F16049400B1FF0F /* ClipboardHubView.swift */; };
		51E1CA512F231740009A87D2 /* LaunchAtLoginHelper.swift in Sources */ = {isa = PBXBuildFile; fileRef = 51E1CA502F231740009A87D2 /* LaunchAtLoginHelper.swift */; };
		51E1CA572F23181B009A87D2 /* SettingsViews.swift in Sources */ = {isa = PBXBuildFile; fileRef = 51E1CA562F23181B009A87D2 /* SettingsViews.swift */; };
		51E1CA602F23187F009A87D2 /* ShelfSettingsView.swift in Sources */ = {isa = PBXBuildFile; fileRef = 51E1CA5D2F23187F009A87D2 /* ShelfSettingsView.swift */; };
		51E1CA612F23187F009A87D2 /* CalendarSettingsView.swift in Sources */ = {isa = PBXBuildFile; fileRef = 51E1CA5A2F23187F009A87D2 /* CalendarSettingsView.swift */; };
		51E1CA622F23187F009A87D2 /* MediaSettingsView.swift in Sources */ = {isa = PBXBuildFile; fileRef = 51E1CA5C2F23187F009A87D2 /* MediaSettingsView.swift */; };
		51E1CA642F23187F009A87D2 /* ShortcutsSettingsView.swift in Sources */ = {isa = PBXBuildFile; fileRef = 51E1CA5E2F23187F009A87D2 /* ShortcutsSettingsView.swift */; };
		51E1CA652F23187F009A87D2 /* AppearanceSettingsView.swift in Sources */ = {isa = PBXBuildFile; fileRef = 51E1CA582F23187F009A87D2 /* AppearanceSettingsView.swift */; };
		51E1CA672F2319F9009A87D2 /* AnimatedFaceView.swift in Sources */ = {isa = PBXBuildFile; fileRef = 51E1CA662F2319F9009A87D2 /* AnimatedFaceView.swift */; };
		51E1CAA12F245D83009A87D2 /* BoringAnimationPhysics.swift in Sources */ = {isa = PBXBuildFile; fileRef = 51E1CA9F2F245D83009A87D2 /* BoringAnimationPhysics.swift */; };
		51E1CAC92F24C517009A87D2 /* NotchHomeView.swift in Sources */ = {isa = PBXBuildFile; fileRef = 51E1CAC82F24C517009A87D2 /* NotchHomeView.swift */; };
		51E49FD02F0B93E3002AD746 /* ClipboardManager.swift in Sources */ = {isa = PBXBuildFile; fileRef = 51E49FCE2F0B9149002AD746 /* ClipboardManager.swift */; };
		51E49FD12F0B93E9002AD746 /* AppState.swift in Sources */ = {isa = PBXBuildFile; fileRef = 51E49FCD2F0B913D002AD746 /* AppState.swift */; };
		51E49FD22F0B93F0002AD746 /* HotKeyManager.swift in Sources */ = {isa = PBXBuildFile; fileRef = 51E49FC62F0B8FF2002AD746 /* HotKeyManager.swift */; };
		51F1B0D52F0E0DB700B89019 /* Localizable.strings in Resources */ = {isa = PBXBuildFile; fileRef = 51F1B0D22F0E0DB700B89019 /* Localizable.strings */; };
		51F1B0E22F0E0DB700B89019 /* Localization.swift in Sources */ = {isa = PBXBuildFile; fileRef = 51F1B0C52F0E0DB700B89019 /* Localization.swift */; };
		51F1B0E42F0E0DB700B89019 /* Log.swift in Sources */ = {isa = PBXBuildFile; fileRef = 51F1B0C62F0E0DB700B89019 /* Log.swift */; };
		51F1B0F42F0E159D00B89019 /* ScreenManager.swift in Sources */ = {isa = PBXBuildFile; fileRef = 51F1B0F32F0E159D00B89019 /* ScreenManager.swift */; };
		51F1B11A2F0E49FF00B89019 /* OverlayVisibilityReason.swift in Sources */ = {isa = PBXBuildFile; fileRef = 51F1B1192F0E49FF00B89019 /* OverlayVisibilityReason.swift */; };
		51F1B11C2F0E4A1400B89019 /* NowPlayingManager.swift in Sources */ = {isa = PBXBuildFile; fileRef = 51F1B11B2F0E4A1400B89019 /* NowPlayingManager.swift */; };
		51F1B11E2F0E4A2500B89019 /* NowPlayingState.swift in Sources */ = {isa = PBXBuildFile; fileRef = 51F1B11D2F0E4A2500B89019 /* NowPlayingState.swift */; };
		AA000001ZONE3STATE00000001 /* Zone3State.swift in Sources */ = {isa = PBXBuildFile; fileRef = AA000002ZONE3STATE00000001 /* Zone3State.swift */; };
		AA000001ZONE3VIEWS00000001 /* Zone3Views.swift in Sources */ = {isa = PBXBuildFile; fileRef = AA000002ZONE3VIEWS00000001 /* Zone3Views.swift */; };
		B604001DB9274EEAA702BD55 /* Mac灵动岛App.swift in Sources */ = {isa = PBXBuildFile; fileRef = CD0ABEFA9F80404A97C74C13 /* Mac灵动岛App.swift */; };
		D32477692E35F4767B8B70001 /* FileVaultStore.swift in Sources */ = {isa = PBXBuildFile; fileRef = BE53D77E3580A4ABAD740001 /* FileVaultStore.swift */; };
		31D8F0872E01F10E96AE9741 /* Assets.xcassets in Resources */ = {isa = PBXBuildFile; fileRef = 12E7EC74DFA82BC2C76B22C4 /* Assets.xcassets */; };
		35C45DEF006A10FE546DCB37 /* ClipboardHubStoreTests.swift in Sources */ = {isa = PBXBuildFile; fileRef = C7BE0131ABE052F320F68046 /* ClipboardHubStoreTests.swift */; };
/* End PBXBuildFile section */

/* Begin PBXContainerItemProxy section */
		3AC496CAE455ED04B550BBB2 /* PBXContainerItemProxy */ = {
			isa = PBXContainerItemProxy;
			containerPortal = 51E49FA32F0B8D41002AD746 /* Project object */;
			proxyType = 1;
			remoteGlobalIDString = 51E49FAA2F0B8D41002AD746;
			remoteInfo = "Mac灵动岛";
		};
/* End PBXContainerItemProxy section */

/* Begin PBXFileReference section */
		5104FC492F1A4B5D003F8273 /* OverlayWindowController.swift */ = {isa = PBXFileReference; lastKnownFileType = sourcecode.swift; path = OverlayWindowController.swift; sourceTree = "<group>"; };
		5104FC4B2F1A4B5D003F8273 /* StatusBarController.swift */ = {isa = PBXFileReference; lastKnownFileType = sourcecode.swift; path = StatusBarController.swift; sourceTree = "<group>"; };
		510BABFA2F222146001CA156 /* LyricsService.swift */ = {isa = PBXFileReference; lastKnownFileType = sourcecode.swift; path = LyricsService.swift; sourceTree = "<group>"; };
		511D72E52F18D90300163A46 /* CalendarManager.swift */ = {isa = PBXFileReference; lastKnownFileType = sourcecode.swift; path = CalendarManager.swift; sourceTree = "<group>"; };
		511D72E62F18D90300163A46 /* EventManager.swift */ = {isa = PBXFileReference; lastKnownFileType = sourcecode.swift; path = EventManager.swift; sourceTree = "<group>"; };
		511D72E82F18D90300163A46 /* BuildConfig.swift */ = {isa = PBXFileReference; lastKnownFileType = sourcecode.swift; path = BuildConfig.swift; sourceTree = "<group>"; };
		511D72E92F18D90300163A46 /* FeatureFlags.swift */ = {isa = PBXFileReference; lastKnownFileType = sourcecode.swift; path = FeatureFlags.swift; sourceTree = "<group>"; };
		511D72F12F18D90300163A46 /* Color+Extensions.swift */ = {isa = PBXFileReference; lastKnownFileType = sourcecode.swift; path = "Color+Extensions.swift"; sourceTree = "<group>"; };
		511D72F32F18D90300163A46 /* NSImage+Extensions.swift */ = {isa = PBXFileReference; lastKnownFileType = sourcecode.swift; path = "NSImage+Extensions.swift"; sourceTree = "<group>"; };
		511D72F42F18D90300163A46 /* NSItemProvider+Extensions.swift */ = {isa = PBXFileReference; lastKnownFileType = sourcecode.swift; path = "NSItemProvider+Extensions.swift"; sourceTree = "<group>"; };
		511D72F62F18D90300163A46 /* NSScreen+Extensions.swift */ = {isa = PBXFileReference; lastKnownFileType = sourcecode.swift; path = "NSScreen+Extensions.swift"; sourceTree = "<group>"; };
		511D73012F18D90300163A46 /* MusicManager.swift */ = {isa = PBXFileReference; lastKnownFileType = sourcecode.swift; path = MusicManager.swift; sourceTree = "<group>"; };
		511D73072F18D90300163A46 /* MediaControllerProtocol.swift */ = {isa = PBXFileReference; lastKnownFileType = sourcecode.swift; path = MediaControllerProtocol.swift; sourceTree = "<group>"; };
		511D73092F18D90300163A46 /* ClipboardSettingsWindow.swift */ = {isa = PBXFileReference; lastKnownFileType = sourcecode.swift; path = ClipboardSettingsWindow.swift; sourceTree = "<group>"; };
		511D730A2F18D90300163A46 /* SettingsView.swift */ = {isa = PBXFileReference; lastKnownFileType = sourcecode.swift; path = SettingsView.swift; sourceTree = "<group>"; };
		511D73142F18D90300163A46 /* ShelfStateViewModel.swift */ = {isa = PBXFileReference; lastKnownFileType = sourcecode.swift; path = ShelfStateViewModel.swift; sourceTree = "<group>"; };
		511D73152F18D90300163A46 /* ShelfStateViewModel+Extensions.swift */ = {isa = PBXFileReference; lastKnownFileType = sourcecode.swift; path = "ShelfStateViewModel+Extensions.swift"; sourceTree = "<group>"; };
		511D734C2F18D92700163A46 /* AnalyticsManager.swift */ = {isa = PBXFileReference; lastKnownFileType = sourcecode.swift; path = AnalyticsManager.swift; sourceTree = "<group>"; };
		511D735C2F18D92700163A46 /* SystemPreferencesManager.swift */ = {isa = PBXFileReference; lastKnownFileType = sourcecode.swift; path = SystemPreferencesManager.swift; sourceTree = "<group>"; };
		511D73702F18D94200163A46 /* AudioSpectrumView.swift */ = {isa = PBXFileReference; lastKnownFileType = sourcecode.swift; path = AudioSpectrumView.swift; sourceTree = "<group>"; };
		511D73782F18D94200163A46 /* CalendarView.swift */ = {isa = PBXFileReference; lastKnownFileType = sourcecode.swift; path = CalendarView.swift; sourceTree = "<group>"; };
		511D73812F18D94200163A46 /* MarqueeText.swift */ = {isa = PBXFileReference; lastKnownFileType = sourcecode.swift; path = MarqueeText.swift; sourceTree = "<group>"; };
		511D73902F18D94200163A46 /* ExpandedMusicView.swift */ = {isa = PBXFileReference; lastKnownFileType = sourcecode.swift; path = ExpandedMusicView.swift; sourceTree = "<group>"; };
		511D73992F18D94200163A46 /* AboutView.swift */ = {isa = PBXFileReference; lastKnownFileType = sourcecode.swift; path = AboutView.swift; sourceTree = "<group>"; };
		511D739A2F18D94200163A46 /* AdvancedSettingsView.swift */ = {isa = PBXFileReference; lastKnownFileType = sourcecode.swift; path = AdvancedSettingsView.swift; sourceTree = "<group>"; };
		511D739B2F18D94200163A46 /* GeneralSettingsView.swift */ = {isa = PBXFileReference; lastKnownFileType = sourcecode.swift; path = GeneralSettingsView.swift; sourceTree = "<group>"; };
		511D73A52F18D94200163A46 /* ShelfView.swift */ = {isa = PBXFileReference; lastKnownFileType = sourcecode.swift; path = ShelfView.swift; sourceTree = "<group>"; };
		511D73D62F18D98400163A46 /* AccessibilityHelper.swift */ = {isa = PBXFileReference; lastKnownFileType = sourcecode.swift; path = AccessibilityHelper.swift; sourceTree = "<group>"; };
		511D73DA2F18D98400163A46 /* AppInfo.swift */ = {isa = PBXFileReference; lastKnownFileType = sourcecode.swift; path = AppInfo.swift; sourceTree = "<group>"; };
		511D73DB2F18D98400163A46 /* AppleScriptHelper.swift */ = {isa = PBXFileReference; lastKnownFileType = sourcecode.swift; path = AppleScriptHelper.swift; sourceTree = "<group>"; };
		511D73E02F18D98400163A46 /* CrashReporter.swift */ = {isa = PBXFileReference; lastKnownFileType = sourcecode.swift; path = CrashReporter.swift; sourceTree = "<group>"; };
		511D73E22F18D98400163A46 /* Defaults+Keys.swift */ = {isa = PBXFileReference; lastKnownFileType = sourcecode.swift; path = "Defaults+Keys.swift"; sourceTree = "<group>"; };
		511D73E72F18D98400163A46 /* MemoryManager.swift */ = {isa = PBXFileReference; lastKnownFileType = sourcecode.swift; path = MemoryManager.swift; sourceTree = "<group>"; };
		511D73F02F18D98400163A46 /* VisualEffectsCompositor.swift */ = {isa = PBXFileReference; lastKnownFileType = sourcecode.swift; path = VisualEffectsCompositor.swift; sourceTree = "<group>"; };
		511D740D2F18D9FD00163A46 /* QuickLookService.swift */ = {isa = PBXFileReference; lastKnownFileType = sourcecode.swift; path = QuickLookService.swift; sourceTree = "<group>"; };
		511D74122F18D9FD00163A46 /* ShelfPersistenceService.swift */ = {isa = PBXFileReference; lastKnownFileType = sourcecode.swift; path = ShelfPersistenceService.swift; sourceTree = "<group>"; };
		511D74132F18D9FD00163A46 /* TemporaryFileStorageService.swift */ = {isa = PBXFileReference; lastKnownFileType = sourcecode.swift; path = TemporaryFileStorageService.swift; sourceTree = "<group>"; };
		511D74142F18D9FD00163A46 /* ThumbnailGenerationService.swift */ = {isa = PBXFileReference; lastKnownFileType = sourcecode.swift; path = ThumbnailGenerationService.swift; sourceTree = "<group>"; };
		511D74232F18DA0B00163A46 /* MusicControlButton.swift */ = {isa = PBXFileReference; lastKnownFileType = sourcecode.swift; path = MusicControlButton.swift; sourceTree = "<group>"; };
		511D74272F18DA0B00163A46 /* PlaybackState.swift */ = {isa = PBXFileReference; lastKnownFileType = sourcecode.swift; path = PlaybackState.swift; sourceTree = "<group>"; };
		511D74282F18DA0B00163A46 /* ShelfItem.swift */ = {isa = PBXFileReference; lastKnownFileType = sourcecode.swift; path = ShelfItem.swift; sourceTree = "<group>"; };
		511D74292F18DA0B00163A46 /* ShelfItem+Extensions.swift */ = {isa = PBXFileReference; lastKnownFileType = sourcecode.swift; path = "ShelfItem+Extensions.swift"; sourceTree = "<group>"; };
		5163623E2F2871320014744B /* DragDetectorManager.swift */ = {isa = PBXFileReference; lastKnownFileType = sourcecode.swift; path = DragDetectorManager.swift; sourceTree = "<group>"; };
		519CDAFC2F124DD70011DA8A /* IslandInteractionState.swift */ = {isa = PBXFileReference; lastKnownFileType = sourcecode.swift; path = IslandInteractionState.swift; sourceTree = "<group>"; };
		51D0245A2F16046D00B1FF0F /* ClipboardHubStore.swift */ = {isa = PBXFileReference; lastKnownFileType = sourcecode.swift; path = ClipboardHubStore.swift; sourceTree = "<group>"; };
		51D024602F16046D00B1FF0F /* SearchEngine.swift */ = {isa = PBXFileReference; lastKnownFileType = sourcecode.swift; path = SearchEngine.swift; sourceTree = "<group>"; };
		51D0246A2F16049400B1FF0F /* ClipboardCardView.swift */ = {isa = PBXFileReference; lastKnownFileType = sourcecode.swift; path = ClipboardCardView.swift; sourceTree = "<group>"; };
		51D0246C2F16049400B1FF0F /* ClipboardHubView.swift */ = {isa = PBXFileReference; lastKnownFileType = sourcecode.swift; path = ClipboardHubView.swift; sourceTree = "<group>"; };
		51E1CA502F231740009A87D2 /* LaunchAtLoginHelper.swift */ = {isa = PBXFileReference; lastKnownFileType = sourcecode.swift; path = LaunchAtLoginHelper.swift; sourceTree = "<group>"; };
		51E1CA562F23181B009A87D2 /* SettingsViews.swift */ = {isa = PBXFileReference; lastKnownFileType = sourcecode.swift; path = SettingsViews.swift; sourceTree = "<group>"; };
		51E1CA582F23187F009A87D2 /* AppearanceSettingsView.swift */ = {isa = PBXFileReference; lastKnownFileType = sourcecode.swift; path = AppearanceSettingsView.swift; sourceTree = "<group>"; };
		51E1CA5A2F23187F009A87D2 /* CalendarSettingsView.swift */ = {isa = PBXFileReference; lastKnownFileType = sourcecode.swift; path = CalendarSettingsView.swift; sourceTree = "<group>"; };
		51E1CA5C2F23187F009A87D2 /* MediaSettingsView.swift */ = {isa = PBXFileReference; lastKnownFileType = sourcecode.swift; path = MediaSettingsView.swift; sourceTree = "<group>"; };
		51E1CA5D2F23187F009A87D2 /* ShelfSettingsView.swift */ = {isa = PBXFileReference; lastKnownFileType = sourcecode.swift; path = ShelfSettingsView.swift; sourceTree = "<group>"; };
		51E1CA5E2F23187F009A87D2 /* ShortcutsSettingsView.swift */ = {isa = PBXFileReference; lastKnownFileType = sourcecode.swift; path = ShortcutsSettingsView.swift; sourceTree = "<group>"; };
		51E1CA662F2319F9009A87D2 /* AnimatedFaceView.swift */ = {isa = PBXFileReference; lastKnownFileType = sourcecode.swift; path = AnimatedFaceView.swift; sourceTree = "<group>"; };
		51E1CA9F2F245D83009A87D2 /* BoringAnimationPhysics.swift */ = {isa = PBXFileReference; lastKnownFileType = sourcecode.swift; path = BoringAnimationPhysics.swift; sourceTree = "<group>"; };
		51E1CAA62F245EAC009A87D2 /* fix_xcode_duplicates.sh */ = {isa = PBXFileReference; lastKnownFileType = text.script.sh; path = fix_xcode_duplicates.sh; sourceTree = "<group>"; };
		51E1CAC82F24C517009A87D2 /* NotchHomeView.swift */ = {isa = PBXFileReference; lastKnownFileType = sourcecode.swift; path = NotchHomeView.swift; sourceTree = "<group>"; };
		51E49FAB2F0B8D41002AD746 /* Mac灵动岛.app */ = {isa = PBXFileReference; explicitFileType = wrapper.application; includeInIndex = 0; path = "Mac灵动岛.app"; sourceTree = BUILT_PRODUCTS_DIR; };
		51E49FBE2F0B8F8E002AD746 /* AppDelegate.swift */ = {isa = PBXFileReference; lastKnownFileType = sourcecode.swift; path = AppDelegate.swift; sourceTree = "<group>"; };
		51E49FC62F0B8FF2002AD746 /* HotKeyManager.swift */ = {isa = PBXFileReference; lastKnownFileType = sourcecode.swift; path = HotKeyManager.swift; sourceTree = "<group>"; };
		51E49FCD2F0B913D002AD746 /* AppState.swift */ = {isa = PBXFileReference; lastKnownFileType = sourcecode.swift; path = AppState.swift; sourceTree = "<group>"; };
		51E49FCE2F0B9149002AD746 /* ClipboardManager.swift */ = {isa = PBXFileReference; lastKnownFileType = sourcecode.swift; path = ClipboardManager.swift; sourceTree = "<group>"; };
		51F1B0BD2F0E0DB700B89019 /* RELEASE_NOTES.md */ = {isa = PBXFileReference; lastKnownFileType = net.daringfireball.markdown; path = RELEASE_NOTES.md; sourceTree = "<group>"; };
		51F1B0C12F0E0DB700B89019 /* TEST_READINESS_SUMMARY.md */ = {isa = PBXFileReference; lastKnownFileType = net.daringfireball.markdown; path = TEST_READINESS_SUMMARY.md; sourceTree = "<group>"; };
		51F1B0C22F0E0DB700B89019 /* UPDATE_METADATA_FORMAT.md */ = {isa = PBXFileReference; lastKnownFileType = net.daringfireball.markdown; path = UPDATE_METADATA_FORMAT.md; sourceTree = "<group>"; };
		51F1B0C52F0E0DB700B89019 /* Localization.swift */ = {isa = PBXFileReference; lastKnownFileType = sourcecode.swift; path = Localization.swift; sourceTree = "<group>"; };
		51F1B0C62F0E0DB700B89019 /* Log.swift */ = {isa = PBXFileReference; lastKnownFileType = sourcecode.swift; path = Log.swift; sourceTree = "<group>"; };
		51F1B0D02F0E0DB700B89019 /* WARP.md */ = {isa = PBXFileReference; lastKnownFileType = net.daringfireball.markdown; path = WARP.md; sourceTree = "<group>"; };
		51F1B0D12F0E0DB700B89019 /* zh-Hans */ = {isa = PBXFileReference; lastKnownFileType = text.plist.strings; name = "zh-Hans"; path = Localizable.strings; sourceTree = "<group>"; };
		51F1B0EE2F0E142900B89019 /* en */ = {isa = PBXFileReference; lastKnownFileType = text.plist.strings; name = en; path = ../en.lproj/Localizable.strings; sourceTree = "<group>"; };
		51F1B0F32F0E159D00B89019 /* ScreenManager.swift */ = {isa = PBXFileReference; lastKnownFileType = sourcecode.swift; path = ScreenManager.swift; sourceTree = "<group>"; };
		51F1B1192F0E49FF00B89019 /* OverlayVisibilityReason.swift */ = {isa = PBXFileReference; lastKnownFileType = sourcecode.swift; path = OverlayVisibilityReason.swift; sourceTree = "<group>"; };
		51F1B11B2F0E4A1400B89019 /* NowPlayingManager.swift */ = {isa = PBXFileReference; lastKnownFileType = sourcecode.swift; path = NowPlayingManager.swift; sourceTree = "<group>"; };
		51F1B11D2F0E4A2500B89019 /* NowPlayingState.swift */ = {isa = PBXFileReference; lastKnownFileType = sourcecode.swift; path = NowPlayingState.swift; sourceTree = "<group>"; };
		AA000002ZONE3STATE00000001 /* Zone3State.swift */ = {isa = PBXFileReference; lastKnownFileType = sourcecode.swift; path = Zone3State.swift; sourceTree = "<group>"; };
		AA000002ZONE3VIEWS00000001 /* Zone3Views.swift */ = {isa = PBXFileReference; lastKnownFileType = sourcecode.swift; path = Zone3Views.swift; sourceTree = "<group>"; };
		CD0ABEFA9F80404A97C74C13 /* Mac灵动岛App.swift */ = {isa = PBXFileReference; lastKnownFileType = sourcecode.swift; path = "Mac灵动岛App.swift"; sourceTree = "<group>"; };
		12E7EC74DFA82BC2C76B22C4 /* Assets.xcassets */ = {isa = PBXFileReference; lastKnownFileType = folder.assetcatalog; path = Assets.xcassets; sourceTree = "<group>"; };
		16699883D1FCA93359C8C3D6 /* Mac灵动岛Tests.xctest */ = {isa = PBXFileReference; explicitFileType = wrapper.cfbundle; includeInIndex = 0; path = "Mac灵动岛Tests.xctest"; sourceTree = BUILT_PRODUCTS_DIR; };
		C7BE0131ABE052F320F68046 /* ClipboardHubStoreTests.swift */ = {isa = PBXFileReference; lastKnownFileType = sourcecode.swift; path = ClipboardHubStoreTests.swift; sourceTree = "<group>"; };
/* End PBXFileReference section */

/* Begin PBXFrameworksBuildPhase section */
		51E49FA82F0B8D41002AD746 /* Frameworks */ = {
			isa = PBXFrameworksBuildPhase;
			buildActionMask = 2147483647;
			files = (
			);
			runOnlyForDeploymentPostprocessing = 0;
		};
		9D559604FAB6932EE5648ED8 /* Frameworks */ = {
			isa = PBXFrameworksBuildPhase;
			buildActionMask = 2147483647;
			files = (
			);
			runOnlyForDeploymentPostprocessing = 0;
		};
/* End PBXFrameworksBuildPhase section */

/* Begin PBXGroup section */
		5104FC4C2F1A4B5D003F8273 /* Controllers */ = {
			isa = PBXGroup;
			children = (
				5104FC492F1A4B5D003F8273 /* OverlayWindowController.swift */,
				5104FC4B2F1A4B5D003F8273 /* StatusBarController.swift */,
			);
			path = Controllers;
			sourceTree = "<group>";
		};
		511D72E72F18D90300163A46 /* Calendar */ = {
			isa = PBXGroup;
			children = (
				511D72E52F18D90300163A46 /* CalendarManager.swift */,
				511D72E62F18D90300163A46 /* EventManager.swift */,
			);
			path = Calendar;
			sourceTree = "<group>";
		};
		511D72EA2F18D90300163A46 /* Configuration */ = {
			isa = PBXGroup;
			children = (
				511D72E82F18D90300163A46 /* BuildConfig.swift */,
				511D72E92F18D90300163A46 /* FeatureFlags.swift */,
			);
			path = Configuration;
			sourceTree = "<group>";
		};
		511D72FB2F18D90300163A46 /* Extensions */ = {
			isa = PBXGroup;
			children = (
				511D72F12F18D90300163A46 /* Color+Extensions.swift */,
				511D72F32F18D90300163A46 /* NSImage+Extensions.swift */,
				511D72F42F18D90300163A46 /* NSItemProvider+Extensions.swift */,
				511D72F62F18D90300163A46 /* NSScreen+Extensions.swift */,
			);
			path = Extensions;
			sourceTree = "<group>";
		};
		511D73042F18D90300163A46 /* Music */ = {
			isa = PBXGroup;
			children = (
				511D73012F18D90300163A46 /* MusicManager.swift */,
			);
			path = Music;
			sourceTree = "<group>";
		};
		511D73082F18D90300163A46 /* Protocols */ = {
			isa = PBXGroup;
			children = (
				511D73072F18D90300163A46 /* MediaControllerProtocol.swift */,
			);
			path = Protocols;
			sourceTree = "<group>";
		};
		511D730B2F18D90300163A46 /* Settings */ = {
			isa = PBXGroup;
			children = (
				511D73092F18D90300163A46 /* ClipboardSettingsWindow.swift */,
				511D730A2F18D90300163A46 /* SettingsView.swift */,
			);
			path = Settings;
			sourceTree = "<group>";
		};
		511D73162F18D90300163A46 /* ViewModels */ = {
			isa = PBXGroup;
			children = (
				511D73142F18D90300163A46 /* ShelfStateViewModel.swift */,
				511D73152F18D90300163A46 /* ShelfStateViewModel+Extensions.swift */,
			);
			path = ViewModels;
			sourceTree = "<group>";
		};
		511D73732F18D94200163A46 /* Animations */ = {
			isa = PBXGroup;
			children = (
				511D73702F18D94200163A46 /* AudioSpectrumView.swift */,
			);
			path = Animations;
			sourceTree = "<group>";
		};
		511D73792F18D94200163A46 /* Calendar */ = {
			isa = PBXGroup;
			children = (
				511D73782F18D94200163A46 /* CalendarView.swift */,
			);
			path = Calendar;
			sourceTree = "<group>";
		};
		511D73872F18D94200163A46 /* Components */ = {
			isa = PBXGroup;
			children = (
				51E1CA662F2319F9009A87D2 /* AnimatedFaceView.swift */,
				511D73812F18D94200163A46 /* MarqueeText.swift */,
			);
			path = Components;
			sourceTree = "<group>";
		};
		511D73952F18D94200163A46 /* Music */ = {
			isa = PBXGroup;
			children = (
				511D73902F18D94200163A46 /* ExpandedMusicView.swift */,
			);
			path = Music;
			sourceTree = "<group>";
		};
		511D739C2F18D94200163A46 /* Settings */ = {
			isa = PBXGroup;
			children = (
				51E1CA582F23187F009A87D2 /* AppearanceSettingsView.swift */,
				51E1CA5A2F23187F009A87D2 /* CalendarSettingsView.swift */,
				51E1CA5C2F23187F009A87D2 /* MediaSettingsView.swift */,
				51E1CA5D2F23187F009A87D2 /* ShelfSettingsView.swift */,
				51E1CA5E2F23187F009A87D2 /* ShortcutsSettingsView.swift */,
				51E1CA562F23181B009A87D2 /* SettingsViews.swift */,
				511D73992F18D94200163A46 /* AboutView.swift */,
				511D739A2F18D94200163A46 /* AdvancedSettingsView.swift */,
				511D739B2F18D94200163A46 /* GeneralSettingsView.swift */,
			);
			path = Settings;
			sourceTree = "<group>";
		};
		511D73A62F18D94200163A46 /* Shelf */ = {
			isa = PBXGroup;
			children = (
				511D73A52F18D94200163A46 /* ShelfView.swift */,
			);
			path = Shelf;
			sourceTree = "<group>";
		};
		511D74252F18DA0B00163A46 /* Enums */ = {
			isa = PBXGroup;
			children = (
				511D74232F18DA0B00163A46 /* MusicControlButton.swift */,
			);
			path = Enums;
			sourceTree = "<group>";
		};
		51E1CAA02F245D83009A87D2 /* Animations */ = {
			isa = PBXGroup;
			children = (
				51E1CA9F2F245D83009A87D2 /* BoringAnimationPhysics.swift */,
			);
			path = Animations;
			sourceTree = "<group>";
		};
		51E49FA22F0B8D41002AD746 = {
			isa = PBXGroup;
			children = (
				51E1CAA62F245EAC009A87D2 /* fix_xcode_duplicates.sh */,
				51E1CAA02F245D83009A87D2 /* Animations */,
				5104FC4C2F1A4B5D003F8273 /* Controllers */,
				511D72E72F18D90300163A46 /* Calendar */,
				511D72EA2F18D90300163A46 /* Configuration */,
				511D72FB2F18D90300163A46 /* Extensions */,
				511D73042F18D90300163A46 /* Music */,
				511D73082F18D90300163A46 /* Protocols */,
				511D730B2F18D90300163A46 /* Settings */,
				511D73162F18D90300163A46 /* ViewModels */,
				51F1B0E82F0E0EBE00B89019 /* Models */,
				51F1B0EA2F0E0EBE00B89019 /* Services */,
				51F1B0BD2F0E0DB700B89019 /* RELEASE_NOTES.md */,
				51F1B0C12F0E0DB700B89019 /* TEST_READINESS_SUMMARY.md */,
				51F1B0C22F0E0DB700B89019 /* UPDATE_METADATA_FORMAT.md */,
				51F1B0C92F0E0DB700B89019 /* Utilities */,
				51F1B0D02F0E0DB700B89019 /* WARP.md */,
				51F1B0D32F0E0DB700B89019 /* zh-Hans.lproj */,
				51E49FD92F0B9E29002AD746 /* State */,
				51E49FC72F0B8FFB002AD746 /* Views */,
				51E49FC32F0B8FC4002AD746 /* Managers */,
				51E49FBE2F0B8F8E002AD746 /* AppDelegate.swift */,
				51E49FAD2F0B8D41002AD746 /* Mac灵动岛 */,
				51E49FAC2F0B8D41002AD746 /* Products */,
				7404FFD9BC3C50E640B54D9E /* Mac灵动岛Tests */,
			);
			sourceTree = "<group>";
		};
		51E49FAC2F0B8D41002AD746 /* Products */ = {
			isa = PBXGroup;
			children = (
				51E49FAB2F0B8D41002AD746 /* Mac灵动岛.app */,
				16699883D1FCA93359C8C3D6 /* Mac灵动岛Tests.xctest */,
			);
			name = Products;
			sourceTree = "<group>";
		};
		51E49FAD2F0B8D41002AD746 /* Mac灵动岛 */ = {
			isa = PBXGroup;
			children = (
				CD0ABEFA9F80404A97C74C13 /* Mac灵动岛App.swift */,
				12E7EC74DFA82BC2C76B22C4 /* Assets.xcassets */,
			);
			path = "Mac灵动岛";
			sourceTree = "<group>";
		};
		51E49FC32F0B8FC4002AD746 /* Managers */ = {
			isa = PBXGroup;
			children = (
				5163623E2F2871320014744B /* DragDetectorManager.swift */,
				511D734C2F18D92700163A46 /* AnalyticsManager.swift */,
				511D735C2F18D92700163A46 /* SystemPreferencesManager.swift */,
				51F1B0F32F0E159D00B89019 /* ScreenManager.swift */,
				51E49FCE2F0B9149002AD746 /* ClipboardManager.swift */,
				51E49FC62F0B8FF2002AD746 /* HotKeyManager.swift */,
			);
			path = Managers;
			sourceTree = "<group>";
		};
		51E49FC72F0B8FFB002AD746 /* Views */ = {
			isa = PBXGroup;
			children = (
				51E1CAC82F24C517009A87D2 /* NotchHomeView.swift */,
				511D73732F18D94200163A46 /* Animations */,
				511D73792F18D94200163A46 /* Calendar */,
				511D73872F18D94200163A46 /* Components */,
				511D73952F18D94200163A46 /* Music */,
				511D739C2F18D94200163A46 /* Settings */,
				511D73A62F18D94200163A46 /* Shelf */,
				51D0246A2F16049400B1FF0F /* ClipboardCardView.swift */,
				51D0246C2F16049400B1FF0F /* ClipboardHubView.swift */,
				AA000002ZONE3VIEWS00000001 /* Zone3Views.swift */,
			);
			path = Views;
			sourceTree = "<group>";
		};
		51E49FD92F0B9E29002AD746 /* State */ = {
			isa = PBXGroup;
			children = (
				AA000002ZONE3STATE00000001 /* Zone3State.swift */,
				519CDAFC2F124DD70011DA8A /* IslandInteractionState.swift */,
				51F1B1192F0E49FF00B89019 /* OverlayVisibilityReason.swift */,
				51E49FCD2F0B913D002AD746 /* AppState.swift */,
			);
			path = State;
			sourceTree = "<group>";
		};
		51F1B0C92F0E0DB700B89019 /* Utilities */ = {
			isa = PBXGroup;
			children = (
				51E1CA502F231740009A87D2 /* LaunchAtLoginHelper.swift */,
				511D73D62F18D98400163A46 /* AccessibilityHelper.swift */,
				511D73DA2F18D98400163A46 /* AppInfo.swift */,
				511D73DB2F18D98400163A46 /* AppleScriptHelper.swift */,
				511D73E02F18D98400163A46 /* CrashReporter.swift */,
				511D73E22F18D98400163A46 /* Defaults+Keys.swift */,
				511D73E72F18D98400163A46 /* MemoryManager.swift */,
				511D73F02F18D98400163A46 /* VisualEffectsCompositor.swift */,
				51F1B0C52F0E0DB700B89019 /* Localization.swift */,
				51F1B0C62F0E0DB700B89019 /* Log.swift */,
			);
			path = Utilities;
			sourceTree = "<group>";
		};
		51F1B0D32F0E0DB700B89019 /* zh-Hans.lproj */ = {
			isa = PBXGroup;
			children = (
				51F1B0D22F0E0DB700B89019 /* Localizable.strings */,
			);
			path = "zh-Hans.lproj";
			sourceTree = "<group>";
		};
		51F1B0E82F0E0EBE00B89019 /* Models */ = {
			isa = PBXGroup;
			children = (
				511D74252F18DA0B00163A46 /* Enums */,
				511D74272F18DA0B00163A46 /* PlaybackState.swift */,
				511D74282F18DA0B00163A46 /* ShelfItem.swift */,
				511D74292F18DA0B00163A46 /* ShelfItem+Extensions.swift */,
				51F1B11D2F0E4A2500B89019 /* NowPlayingState.swift */,
			);
			path = Models;
			sourceTree = "<group>";
		};
		51F1B0EA2F0E0EBE00B89019 /* Services */ = {
			isa = PBXGroup;
			children = (
				510BABFA2F222146001CA156 /* LyricsService.swift */,
				511D740D2F18D9FD00163A46 /* QuickLookService.swift */,
				511D74122F18D9FD00163A46 /* ShelfPersistenceService.swift */,
				511D74132F18D9FD00163A46 /* TemporaryFileStorageService.swift */,
				511D74142F18D9FD00163A46 /* ThumbnailGenerationService.swift */,
				51D0245A2F16046D00B1FF0F /* ClipboardHubStore.swift */,
				51D024602F16046D00B1FF0F /* SearchEngine.swift */,
				51F1B11B2F0E4A1400B89019 /* NowPlayingManager.swift */,
			);
			path = Services;
			sourceTree = "<group>";
		};
		7404FFD9BC3C50E640B54D9E /* Mac灵动岛Tests */ = {
			isa = PBXGroup;
			children = (
				C7BE0131ABE052F320F68046 /* ClipboardHubStoreTests.swift */,
			);
			path = "Mac灵动岛Tests";
			sourceTree = "<group>";
		};
/* End PBXGroup section */

/* Begin PBXNativeTarget section */
		51E49FAA2F0B8D41002AD746 /* Mac灵动岛 */ = {
			isa = PBXNativeTarget;
			buildConfigurationList = 51E49FB62F0B8D44002AD746 /* Build configuration list for PBXNativeTarget "Mac灵动岛" */;
			buildPhases = (
				51E49FA72F0B8D41002AD746 /* Sources */,
				51E49FA82F0B8D41002AD746 /* Frameworks */,
				51E49FA92F0B8D41002AD746 /* Resources */,
			);
			buildRules = (
			);
			dependencies = (
			);
			name = "Mac灵动岛";
			productName = "Mac灵动岛";
			productReference = 51E49FAB2F0B8D41002AD746 /* Mac灵动岛.app */;
			productType = "com.apple.product-type.application";
		};
		2013CF6D78CAA4315DA29D50 /* Mac灵动岛Tests */ = {
			isa = PBXNativeTarget;
			buildConfigurationList = 267CAFEC18DF207FD29D72F0 /* Build configuration list for PBXNativeTarget "Mac灵动岛Tests" */;
			buildPhases = (
				F51191A9A03FB5923DF89BC0 /* Sources */,
				9D559604FAB6932EE5648ED8 /* Frameworks */,
				07767327C1495053AC163223 /* Resources */,
			);
			buildRules = (
			);
			dependencies = (
				020B16BB8ED51250DF6147D9 /* PBXTargetDependency */,
			);
			name = "Mac灵动岛Tests";
			productName = "Mac灵动岛Tests";
			productReference = 16699883D1FCA93359C8C3D6 /* Mac灵动岛Tests.xctest */;
			productType = "com.apple.product-type.bundle.unit-test";
		};
/* End PBXNativeTarget section */

/* Begin PBXProject section */
		51E49FA32F0B8D41002AD746 /* Project object */ = {
			isa = PBXProject;
			attributes = {
				BuildIndependentTargetsInParallel = 1;
				LastSwiftUpdateCheck = 2600;
				LastUpgradeCheck = 2600;
				TargetAttributes = {
					2013CF6D78CAA4315DA29D50 = {
						CreatedOnToolsVersion = 27.0;
						TestTargetID = 51E49FAA2F0B8D41002AD746;
					};
					51E49FAA2F0B8D41002AD746 = {
						CreatedOnToolsVersion = 26.0.1;
					};
				};
			};
			buildConfigurationList = 51E49FA62F0B8D41002AD746 /* Build configuration list for PBXProject "Mac灵动岛" */;
			developmentRegion = en;
			hasScannedForEncodings = 0;
			knownRegions = (
				en,
				Base,
				"zh-Hans",
			);
			mainGroup = 51E49FA22F0B8D41002AD746;
			minimizedProjectReferenceProxies = 1;
			packageReferences = (
			);
			preferredProjectObjectVersion = 77;
			productRefGroup = 51E49FAC2F0B8D41002AD746 /* Products */;
			projectDirPath = "";
			projectRoot = "";
			targets = (
				51E49FAA2F0B8D41002AD746 /* Mac灵动岛 */,
				2013CF6D78CAA4315DA29D50 /* Mac灵动岛Tests */,
			);
		};
/* End PBXProject section */

/* Begin PBXResourcesBuildPhase section */
		51E49FA92F0B8D41002AD746 /* Resources */ = {
			isa = PBXResourcesBuildPhase;
			buildActionMask = 2147483647;
			files = (
				51F1B0D52F0E0DB700B89019 /* Localizable.strings in Resources */,
				31D8F0872E01F10E96AE9741 /* Assets.xcassets in Resources */,
			);
			runOnlyForDeploymentPostprocessing = 0;
		};
		07767327C1495053AC163223 /* Resources */ = {
			isa = PBXResourcesBuildPhase;
			buildActionMask = 2147483647;
			files = (
			);
			runOnlyForDeploymentPostprocessing = 0;
		};
/* End PBXResourcesBuildPhase section */

/* Begin PBXSourcesBuildPhase section */
		51E49FA72F0B8D41002AD746 /* Sources */ = {
			isa = PBXSourcesBuildPhase;
			buildActionMask = 2147483647;
			files = (
				B604001DB9274EEAA702BD55 /* Mac灵动岛App.swift in Sources */,
				51F1B11E2F0E4A2500B89019 /* NowPlayingState.swift in Sources */,
				51D024632F16046D00B1FF0F /* SearchEngine.swift in Sources */,
				51D024662F16046D00B1FF0F /* ClipboardHubStore.swift in Sources */,
				51E1CA602F23187F009A87D2 /* ShelfSettingsView.swift in Sources */,
				51E1CA612F23187F009A87D2 /* CalendarSettingsView.swift in Sources */,
				51E1CA622F23187F009A87D2 /* MediaSettingsView.swift in Sources */,
				51E1CA642F23187F009A87D2 /* ShortcutsSettingsView.swift in Sources */,
				51E1CA652F23187F009A87D2 /* AppearanceSettingsView.swift in Sources */,
				511D73212F18D90300163A46 /* ClipboardSettingsWindow.swift in Sources */,
				511D73242F18D90300163A46 /* NSItemProvider+Extensions.swift in Sources */,
				511D74162F18D9FD00163A46 /* ShelfPersistenceService.swift in Sources */,
				511D74182F18D9FD00163A46 /* TemporaryFileStorageService.swift in Sources */,
				511D74192F18D9FD00163A46 /* ThumbnailGenerationService.swift in Sources */,
				511D741B2F18D9FD00163A46 /* QuickLookService.swift in Sources */,
				511D73282F18D90300163A46 /* NSScreen+Extensions.swift in Sources */,
				511D73292F18D90300163A46 /* Color+Extensions.swift in Sources */,
				511D732A2F18D90300163A46 /* ShelfStateViewModel+Extensions.swift in Sources */,
				511D732C2F18D90300163A46 /* EventManager.swift in Sources */,
				511D73332F18D90300163A46 /* BuildConfig.swift in Sources */,
				511D73362F18D90300163A46 /* CalendarManager.swift in Sources */,
				511D73F42F18D98400163A46 /* AppleScriptHelper.swift in Sources */,
				511D73F52F18D98400163A46 /* CrashReporter.swift in Sources */,
				511D73FD2F18D98400163A46 /* Defaults+Keys.swift in Sources */,
				511D73FE2F18D98400163A46 /* VisualEffectsCompositor.swift in Sources */,
				511D73FF2F18D98400163A46 /* AppInfo.swift in Sources */,
				511D74002F18D98400163A46 /* AccessibilityHelper.swift in Sources */,
				511D74022F18D98400163A46 /* MemoryManager.swift in Sources */,
				511D742A2F18DA0B00163A46 /* MusicControlButton.swift in Sources */,
				511D742B2F18DA0B00163A46 /* ShelfItem+Extensions.swift in Sources */,
				511D742E2F18DA0B00163A46 /* PlaybackState.swift in Sources */,
				511D74312F18DA0B00163A46 /* ShelfItem.swift in Sources */,
				511D73392F18D90300163A46 /* MusicManager.swift in Sources */,
				51E1CA572F23181B009A87D2 /* SettingsViews.swift in Sources */,
				511D733A2F18D90300163A46 /* MediaControllerProtocol.swift in Sources */,
				511D735F2F18D92700163A46 /* AnalyticsManager.swift in Sources */,
				511D736D2F18D92700163A46 /* SystemPreferencesManager.swift in Sources */,
				511D733F2F18D90300163A46 /* ShelfStateViewModel.swift in Sources */,
				51E1CAC92F24C517009A87D2 /* NotchHomeView.swift in Sources */,
				511D73402F18D90300163A46 /* FeatureFlags.swift in Sources */,
				511D73422F18D90300163A46 /* NSImage+Extensions.swift in Sources */,
				51E1CA512F231740009A87D2 /* LaunchAtLoginHelper.swift in Sources */,
				5104FC4E2F1A4B5D003F8273 /* StatusBarController.swift in Sources */,
				5104FC4F2F1A4B5D003F8273 /* OverlayWindowController.swift in Sources */,
				511D73482F18D90300163A46 /* SettingsView.swift in Sources */,
				51F1B0E22F0E0DB700B89019 /* Localization.swift in Sources */,
				51F1B0E42F0E0DB700B89019 /* Log.swift in Sources */,
				51E1CAA12F245D83009A87D2 /* BoringAnimationPhysics.swift in Sources */,
				5163623F2F2871320014744B /* DragDetectorManager.swift in Sources */,
				51F1B11A2F0E49FF00B89019 /* OverlayVisibilityReason.swift in Sources */,
				51E49FD12F0B93E9002AD746 /* AppState.swift in Sources */,
				511D73AB2F18D94200163A46 /* CalendarView.swift in Sources */,
				511D73AD2F18D94200163A46 /* AboutView.swift in Sources */,
				511D73B82F18D94200163A46 /* ShelfView.swift in Sources */,
				511D73CA2F18D94200163A46 /* AdvancedSettingsView.swift in Sources */,
				511D73CE2F18D94200163A46 /* MarqueeText.swift in Sources */,
				511D73CF2F18D94200163A46 /* ExpandedMusicView.swift in Sources */,
				511D73D02F18D94200163A46 /* GeneralSettingsView.swift in Sources */,
				51E1CA672F2319F9009A87D2 /* AnimatedFaceView.swift in Sources */,
				511D73D42F18D94200163A46 /* AudioSpectrumView.swift in Sources */,
				51F1B11C2F0E4A1400B89019 /* NowPlayingManager.swift in Sources */,
				519FCFBD2F1F683D00E6EE33 /* AppDelegate.swift in Sources */,
				51E49FD22F0B93F0002AD746 /* HotKeyManager.swift in Sources */,
				51F1B0F42F0E159D00B89019 /* ScreenManager.swift in Sources */,
				519CDAFD2F124DD70011DA8A /* IslandInteractionState.swift in Sources */,
				51E49FD02F0B93E3002AD746 /* ClipboardManager.swift in Sources */,
				510BABFB2F222146001CA156 /* LyricsService.swift in Sources */,
				D32477692E35F4767B8B70001 /* FileVaultStore.swift in Sources */,
				AA000001ZONE3STATE00000001 /* Zone3State.swift in Sources */,
				AA000001ZONE3VIEWS00000001 /* Zone3Views.swift in Sources */,
				51D024742F16049400B1FF0F /* ClipboardCardView.swift in Sources */,
				51D024752F16049400B1FF0F /* ClipboardHubView.swift in Sources */,
			);
			runOnlyForDeploymentPostprocessing = 0;
		};
		F51191A9A03FB5923DF89BC0 /* Sources */ = {
			isa = PBXSourcesBuildPhase;
			buildActionMask = 2147483647;
			files = (
				35C45DEF006A10FE546DCB37 /* ClipboardHubStoreTests.swift in Sources */,
			);
			runOnlyForDeploymentPostprocessing = 0;
		};
/* End PBXSourcesBuildPhase section */

/* Begin PBXTargetDependency section */
		020B16BB8ED51250DF6147D9 /* PBXTargetDependency */ = {
			isa = PBXTargetDependency;
			target = 51E49FAA2F0B8D41002AD746 /* Mac灵动岛 */;
			targetProxy = 3AC496CAE455ED04B550BBB2 /* PBXContainerItemProxy */;
		};
/* End PBXTargetDependency section */

/* Begin PBXVariantGroup section */
		51F1B0D22F0E0DB700B89019 /* Localizable.strings */ = {
			isa = PBXVariantGroup;
			children = (
				51F1B0D12F0E0DB700B89019 /* zh-Hans */,
				51F1B0EE2F0E142900B89019 /* en */,
			);
			name = Localizable.strings;
			sourceTree = "<group>";
		};
/* End PBXVariantGroup section */

/* Begin XCBuildConfiguration section */
		51E49FB42F0B8D44002AD746 /* Debug */ = {
			isa = XCBuildConfiguration;
			buildSettings = {
				ALWAYS_SEARCH_USER_PATHS = NO;
				ASSETCATALOG_COMPILER_GENERATE_SWIFT_ASSET_SYMBOL_EXTENSIONS = YES;
				CLANG_ANALYZER_NONNULL = YES;
				CLANG_ANALYZER_NUMBER_OBJECT_CONVERSION = YES_AGGRESSIVE;
				CLANG_CXX_LANGUAGE_STANDARD = "gnu++20";
				CLANG_ENABLE_MODULES = YES;
				CLANG_ENABLE_OBJC_ARC = YES;
				CLANG_ENABLE_OBJC_WEAK = YES;
				CLANG_WARN_BLOCK_CAPTURE_AUTORELEASING = YES;
				CLANG_WARN_BOOL_CONVERSION = YES;
				CLANG_WARN_COMMA = YES;
				CLANG_WARN_CONSTANT_CONVERSION = YES;
				CLANG_WARN_DEPRECATED_OBJC_IMPLEMENTATIONS = YES;
				CLANG_WARN_DIRECT_OBJC_ISA_USAGE = YES_ERROR;
				CLANG_WARN_DOCUMENTATION_COMMENTS = YES;
				CLANG_WARN_EMPTY_BODY = YES;
				CLANG_WARN_ENUM_CONVERSION = YES;
				CLANG_WARN_INFINITE_RECURSION = YES;
				CLANG_WARN_INT_CONVERSION = YES;
				CLANG_WARN_NON_LITERAL_NULL_CONVERSION = YES;
				CLANG_WARN_OBJC_IMPLICIT_RETAIN_SELF = YES;
				CLANG_WARN_OBJC_LITERAL_CONVERSION = YES;
				CLANG_WARN_OBJC_ROOT_CLASS = YES_ERROR;
				CLANG_WARN_QUOTED_INCLUDE_IN_FRAMEWORK_HEADER = YES;
				CLANG_WARN_RANGE_LOOP_ANALYSIS = YES;
				CLANG_WARN_STRICT_PROTOTYPES = YES;
				CLANG_WARN_SUSPICIOUS_MOVE = YES;
				CLANG_WARN_UNGUARDED_AVAILABILITY = YES_AGGRESSIVE;
				CLANG_WARN_UNREACHABLE_CODE = YES;
				CLANG_WARN__DUPLICATE_METHOD_MATCH = YES;
				COPY_PHASE_STRIP = NO;
				DEBUG_INFORMATION_FORMAT = dwarf;
				DEVELOPMENT_TEAM = "";
				ENABLE_STRICT_OBJC_MSGSEND = YES;
				ENABLE_TESTABILITY = YES;
				ENABLE_USER_SCRIPT_SANDBOXING = YES;
				GCC_C_LANGUAGE_STANDARD = gnu17;
				GCC_DYNAMIC_NO_PIC = NO;
				GCC_NO_COMMON_BLOCKS = YES;
				GCC_OPTIMIZATION_LEVEL = 0;
				GCC_PREPROCESSOR_DEFINITIONS = (
					"DEBUG=1",
					"$(inherited)",
				);
				GCC_WARN_64_TO_32_BIT_CONVERSION = YES;
				GCC_WARN_ABOUT_RETURN_TYPE = YES_ERROR;
				GCC_WARN_UNDECLARED_SELECTOR = YES;
				GCC_WARN_UNINITIALIZED_AUTOS = YES_AGGRESSIVE;
				GCC_WARN_UNUSED_FUNCTION = YES;
				GCC_WARN_UNUSED_VARIABLE = YES;
				LOCALIZATION_PREFERS_STRING_CATALOGS = YES;
				MACOSX_DEPLOYMENT_TARGET = 14.0;
				MTL_ENABLE_DEBUG_INFO = INCLUDE_SOURCE;
				MTL_FAST_MATH = YES;
				ONLY_ACTIVE_ARCH = YES;
				SDKROOT = macosx;
				SWIFT_ACTIVE_COMPILATION_CONDITIONS = "DEBUG $(inherited)";
				SWIFT_OPTIMIZATION_LEVEL = "-Onone";
			};
			name = Debug;
		};
		51E49FB52F0B8D44002AD746 /* Release */ = {
			isa = XCBuildConfiguration;
			buildSettings = {
				ALWAYS_SEARCH_USER_PATHS = NO;
				ASSETCATALOG_COMPILER_GENERATE_SWIFT_ASSET_SYMBOL_EXTENSIONS = YES;
				CLANG_ANALYZER_NONNULL = YES;
				CLANG_ANALYZER_NUMBER_OBJECT_CONVERSION = YES_AGGRESSIVE;
				CLANG_CXX_LANGUAGE_STANDARD = "gnu++20";
				CLANG_ENABLE_MODULES = YES;
				CLANG_ENABLE_OBJC_ARC = YES;
				CLANG_ENABLE_OBJC_WEAK = YES;
				CLANG_WARN_BLOCK_CAPTURE_AUTORELEASING = YES;
				CLANG_WARN_BOOL_CONVERSION = YES;
				CLANG_WARN_COMMA = YES;
				CLANG_WARN_CONSTANT_CONVERSION = YES;
				CLANG_WARN_DEPRECATED_OBJC_IMPLEMENTATIONS = YES;
				CLANG_WARN_DIRECT_OBJC_ISA_USAGE = YES_ERROR;
				CLANG_WARN_DOCUMENTATION_COMMENTS = YES;
				CLANG_WARN_EMPTY_BODY = YES;
				CLANG_WARN_ENUM_CONVERSION = YES;
				CLANG_WARN_INFINITE_RECURSION = YES;
				CLANG_WARN_INT_CONVERSION = YES;
				CLANG_WARN_NON_LITERAL_NULL_CONVERSION = YES;
				CLANG_WARN_OBJC_IMPLICIT_RETAIN_SELF = YES;
				CLANG_WARN_OBJC_LITERAL_CONVERSION = YES;
				CLANG_WARN_OBJC_ROOT_CLASS = YES_ERROR;
				CLANG_WARN_QUOTED_INCLUDE_IN_FRAMEWORK_HEADER = YES;
				CLANG_WARN_RANGE_LOOP_ANALYSIS = YES;
				CLANG_WARN_STRICT_PROTOTYPES = YES;
				CLANG_WARN_SUSPICIOUS_MOVE = YES;
				CLANG_WARN_UNGUARDED_AVAILABILITY = YES_AGGRESSIVE;
				CLANG_WARN_UNREACHABLE_CODE = YES;
				CLANG_WARN__DUPLICATE_METHOD_MATCH = YES;
				COPY_PHASE_STRIP = NO;
				DEBUG_INFORMATION_FORMAT = "dwarf-with-dsym";
				DEVELOPMENT_TEAM = "";
				ENABLE_NS_ASSERTIONS = NO;
				ENABLE_STRICT_OBJC_MSGSEND = YES;
				ENABLE_USER_SCRIPT_SANDBOXING = YES;
				GCC_C_LANGUAGE_STANDARD = gnu17;
				GCC_NO_COMMON_BLOCKS = YES;
				GCC_WARN_64_TO_32_BIT_CONVERSION = YES;
				GCC_WARN_ABOUT_RETURN_TYPE = YES_ERROR;
				GCC_WARN_UNDECLARED_SELECTOR = YES;
				GCC_WARN_UNINITIALIZED_AUTOS = YES_AGGRESSIVE;
				GCC_WARN_UNUSED_FUNCTION = YES;
				GCC_WARN_UNUSED_VARIABLE = YES;
				LOCALIZATION_PREFERS_STRING_CATALOGS = YES;
				MACOSX_DEPLOYMENT_TARGET = 14.0;
				MTL_ENABLE_DEBUG_INFO = NO;
				MTL_FAST_MATH = YES;
				SDKROOT = macosx;
				SWIFT_COMPILATION_MODE = wholemodule;
			};
			name = Release;
		};
		51E49FB72F0B8D44002AD746 /* Debug */ = {
			isa = XCBuildConfiguration;
			buildSettings = {
				ASSETCATALOG_COMPILER_APPICON_NAME = AppIcon;
				ASSETCATALOG_COMPILER_GLOBAL_ACCENT_COLOR_NAME = AccentColor;
				CODE_SIGN_ENTITLEMENTS = "Mac灵动岛/Mac灵动岛.entitlements";
				CODE_SIGN_IDENTITY = "Apple Development";
				CODE_SIGN_STYLE = Automatic;
				COMBINE_HIDPI_IMAGES = YES;
				CURRENT_PROJECT_VERSION = 1;
				DEVELOPMENT_TEAM = NF7KBQM4RH;
				ENABLE_APP_SANDBOX = NO;
				ENABLE_HARDENED_RUNTIME = YES;
				ENABLE_PREVIEWS = YES;
				GENERATE_INFOPLIST_FILE = NO;
				INFOPLIST_FILE = "Mac灵动岛/Info.plist";
				LD_RUNPATH_SEARCH_PATHS = (
					"$(inherited)",
					"@executable_path/../Frameworks",
				);
				MARKETING_VERSION = 1.0.0;
				PRODUCT_BUNDLE_IDENTIFIER = com.macdynamicisland.app;
				PRODUCT_NAME = "$(TARGET_NAME)";
				REGISTER_APP_GROUPS = NO;
				STRING_CATALOG_GENERATE_SYMBOLS = YES;
				SWIFT_APPROACHABLE_CONCURRENCY = YES;
				SWIFT_DEFAULT_ACTOR_ISOLATION = MainActor;
				SWIFT_EMIT_LOC_STRINGS = YES;
				SWIFT_UPCOMING_FEATURE_MEMBER_IMPORT_VISIBILITY = YES;
				SWIFT_VERSION = 5.0;
			};
			name = Debug;
		};
		51E49FB82F0B8D44002AD746 /* Release */ = {
			isa = XCBuildConfiguration;
			buildSettings = {
				ASSETCATALOG_COMPILER_APPICON_NAME = AppIcon;
				ASSETCATALOG_COMPILER_GLOBAL_ACCENT_COLOR_NAME = AccentColor;
				CODE_SIGN_ENTITLEMENTS = "Mac灵动岛/Mac灵动岛.entitlements";
				CODE_SIGN_IDENTITY = "Apple Distribution";
				CODE_SIGN_STYLE = Automatic;
				COMBINE_HIDPI_IMAGES = YES;
				CURRENT_PROJECT_VERSION = 1;
				DEVELOPMENT_TEAM = "";
				ENABLE_APP_SANDBOX = NO;
				ENABLE_HARDENED_RUNTIME = YES;
				ENABLE_PREVIEWS = YES;
				GENERATE_INFOPLIST_FILE = NO;
				INFOPLIST_FILE = "Mac灵动岛/Info.plist";
				LD_RUNPATH_SEARCH_PATHS = (
					"$(inherited)",
					"@executable_path/../Frameworks",
				);
				MARKETING_VERSION = 1.0.0;
				PRODUCT_BUNDLE_IDENTIFIER = com.macdynamicisland.app;
				PRODUCT_NAME = "$(TARGET_NAME)";
				REGISTER_APP_GROUPS = NO;
				STRING_CATALOG_GENERATE_SYMBOLS = YES;
				SWIFT_APPROACHABLE_CONCURRENCY = YES;
				SWIFT_DEFAULT_ACTOR_ISOLATION = MainActor;
				SWIFT_EMIT_LOC_STRINGS = YES;
				SWIFT_OPTIMIZATION_LEVEL = "-O";
				SWIFT_UPCOMING_FEATURE_MEMBER_IMPORT_VISIBILITY = YES;
				SWIFT_VERSION = 5.0;
			};
			name = Release;
		};
		20DB8833730467E63D22FA03 /* Debug */ = {
			isa = XCBuildConfiguration;
			buildSettings = {
				BUNDLE_LOADER = "$(TEST_HOST)";
				CODE_SIGN_STYLE = Automatic;
				CURRENT_PROJECT_VERSION = 1;
				DEVELOPMENT_TEAM = NF7KBQM4RH;
				GENERATE_INFOPLIST_FILE = YES;
				MACOSX_DEPLOYMENT_TARGET = 14.0;
				MARKETING_VERSION = 1.0.0;
				PRODUCT_BUNDLE_IDENTIFIER = com.macdynamicisland.app.tests;
				PRODUCT_NAME = "$(TARGET_NAME)";
				SWIFT_EMIT_LOC_STRINGS = NO;
				SWIFT_VERSION = 5.0;
				TEST_HOST = "$(BUILT_PRODUCTS_DIR)/Mac灵动岛.app/Contents/MacOS/Mac灵动岛";
			};
			name = Debug;
		};
		4575B3060E10CC94493875FE /* Release */ = {
			isa = XCBuildConfiguration;
			buildSettings = {
				BUNDLE_LOADER = "$(TEST_HOST)";
				CODE_SIGN_STYLE = Automatic;
				CURRENT_PROJECT_VERSION = 1;
				DEVELOPMENT_TEAM = "";
				GENERATE_INFOPLIST_FILE = YES;
				MACOSX_DEPLOYMENT_TARGET = 14.0;
				MARKETING_VERSION = 1.0.0;
				PRODUCT_BUNDLE_IDENTIFIER = com.macdynamicisland.app.tests;
				PRODUCT_NAME = "$(TARGET_NAME)";
				SWIFT_EMIT_LOC_STRINGS = NO;
				SWIFT_VERSION = 5.0;
				TEST_HOST = "$(BUILT_PRODUCTS_DIR)/Mac灵动岛.app/Contents/MacOS/Mac灵动岛";
			};
			name = Release;
		};
/* End XCBuildConfiguration section */

/* Begin XCConfigurationList section */
		51E49FA62F0B8D41002AD746 /* Build configuration list for PBXProject "Mac灵动岛" */ = {
			isa = XCConfigurationList;
			buildConfigurations = (
				51E49FB42F0B8D44002AD746 /* Debug */,
				51E49FB52F0B8D44002AD746 /* Release */,
			);
			defaultConfigurationIsVisible = 0;
			defaultConfigurationName = Release;
		};
		51E49FB62F0B8D44002AD746 /* Build configuration list for PBXNativeTarget "Mac灵动岛" */ = {
			isa = XCConfigurationList;
			buildConfigurations = (
				51E49FB72F0B8D44002AD746 /* Debug */,
				51E49FB82F0B8D44002AD746 /* Release */,
			);
			defaultConfigurationIsVisible = 0;
			defaultConfigurationName = Release;
		};
		267CAFEC18DF207FD29D72F0 /* Build configuration list for PBXNativeTarget "Mac灵动岛Tests" */ = {
			isa = XCConfigurationList;
			buildConfigurations = (
				20DB8833730467E63D22FA03 /* Debug */,
				4575B3060E10CC94493875FE /* Release */,
			);
			defaultConfigurationIsVisible = 0;
			defaultConfigurationName = Release;
		};
/* End XCConfigurationList section */
	};
	rootObject = 51E49FA32F0B8D41002AD746 /* Project object */;
}
